
Microsoft Visual Studio Solution File, Format Version 12.00
# Visual Studio Version 17
VisualStudioVersion = 17.4.33110.190
MinimumVisualStudioVersion = 10.0.40219.1
Project("{9A19103F-16F7-4668-BE54-9A1E7A4F7556}") = "Solutions", "ConsoleApp1\Solutions.csproj", "{12ECC1DB-0B84-4397-87BC-3ECBD80A67AF}"
EndProject
Global
	GlobalSection(SolutionConfigurationPlatforms) = preSolution
		Debug|Any CPU = Debug|Any CPU
		Release|Any CPU = Release|Any CPU
	EndGlobalSection
	GlobalSection(ProjectConfigurationPlatforms) = postSolution
		{12ECC1DB-0B84-4397-87BC-3ECBD80A67AF}.Debug|Any CPU.ActiveCfg = Debug|Any CPU
		{12ECC1DB-0B84-4397-87BC-3ECBD80A67AF}.Debug|Any CPU.Build.0 = Debug|Any CPU
		{12ECC1DB-0B84-4397-87BC-3ECBD80A67AF}.Release|Any CPU.ActiveCfg = Release|Any CPU
		{12ECC1DB-0B84-4397-87BC-3ECBD80A67AF}.Release|Any CPU.Build.0 = Release|Any CPU
	EndGlobalSection
	GlobalSection(SolutionProperties) = preSolution
		HideSolutionNode = FALSE
	EndGlobalSection
	GlobalSection(ExtensibilityGlobals) = postSolution
		SolutionGuid = {989A9CC7-E844-431F-B462-E9589CBC58AC}
	EndGlobalSection
EndGlobal
